
Microsoft Visual Studio Solution File, Format Version 12.00
# Visual Studio Version 17
VisualStudioVersion = 17.8.34525.116
MinimumVisualStudioVersion = 10.0.40219.1
Project("{FAE04EC0-301F-11D3-BF4B-00C04F79EFBC}") = "C_ClientServer", "C_ClientServer\C_ClientServer.csproj", "{0E794FBD-E44E-4E3B-AC87-42DDDB8F4ED8}"
EndProject
Global
	GlobalSection(SolutionConfigurationPlatforms) = preSolution
		Debug|Any CPU = Debug|Any CPU
		Release|Any CPU = Release|Any CPU
	EndGlobalSection
	GlobalSection(ProjectConfigurationPlatforms) = postSolution
		{0E794FBD-E44E-4E3B-AC87-42DDDB8F4ED8}.Debug|Any CPU.ActiveCfg = Debug|Any CPU
		{0E794FBD-E44E-4E3B-AC87-42DDDB8F4ED8}.Debug|Any CPU.Build.0 = Debug|Any CPU
		{0E794FBD-E44E-4E3B-AC87-42DDDB8F4ED8}.Release|Any CPU.ActiveCfg = Release|Any CPU
		{0E794FBD-E44E-4E3B-AC87-42DDDB8F4ED8}.Release|Any CPU.Build.0 = Release|Any CPU
	EndGlobalSection
	GlobalSection(SolutionProperties) = preSolution
		HideSolutionNode = FALSE
	EndGlobalSection
	GlobalSection(ExtensibilityGlobals) = postSolution
		SolutionGuid = {4772B951-686E-43B4-97DC-302D0197640F}
	EndGlobalSection
EndGlobal
